
Microsoft Visual Studio Solution File, Format Version 12.00
# Visual Studio 15
VisualStudioVersion = 15.0.26127.0
MinimumVisualStudioVersion = 10.0.40219.1
Project("{FAE04EC0-301F-11D3-BF4B-00C04F79EFBC}") = "GitApi", "GitApi\GitApi.csproj", "{161E81E2-25E5-4134-8D2D-595419B1265B}"
EndProject
Project("{FAE04EC0-301F-11D3-BF4B-00C04F79EFBC}") = "GitSccProvider", "GitSccProvider\GitSccProvider.csproj", "{D192FBA7-5901-4EAE-8CA6-CFB7D9C5F060}"
EndProject
Project("{FAE04EC0-301F-11D3-BF4B-00C04F79EFBC}") = "GitTools", "GitTools\GitTools.csproj", "{3A4524D2-7D17-4176-8701-8EB8AC7598ED}"
EndProject
Global
	GlobalSection(SolutionConfigurationPlatforms) = preSolution
		Debug|Any CPU = Debug|Any CPU
		Debug|x86 = Debug|x86
		Release|Any CPU = Release|Any CPU
		Release|x86 = Release|x86
	EndGlobalSection
	GlobalSection(ProjectConfigurationPlatforms) = postSolution
		{161E81E2-25E5-4134-8D2D-595419B1265B}.Debug|Any CPU.ActiveCfg = Debug|Any CPU
		{161E81E2-25E5-4134-8D2D-595419B1265B}.Debug|Any CPU.Build.0 = Debug|Any CPU
		{161E81E2-25E5-4134-8D2D-595419B1265B}.Debug|x86.ActiveCfg = Debug|Any CPU
		{161E81E2-25E5-4134-8D2D-595419B1265B}.Release|Any CPU.ActiveCfg = Release|Any CPU
		{161E81E2-25E5-4134-8D2D-595419B1265B}.Release|Any CPU.Build.0 = Release|Any CPU
		{161E81E2-25E5-4134-8D2D-595419B1265B}.Release|x86.ActiveCfg = Release|Any CPU
		{D192FBA7-5901-4EAE-8CA6-CFB7D9C5F060}.Debug|Any CPU.ActiveCfg = Debug|Any CPU
		{D192FBA7-5901-4EAE-8CA6-CFB7D9C5F060}.Debug|Any CPU.Build.0 = Debug|Any CPU
		{D192FBA7-5901-4EAE-8CA6-CFB7D9C5F060}.Debug|x86.ActiveCfg = Debug|Any CPU
		{D192FBA7-5901-4EAE-8CA6-CFB7D9C5F060}.Debug|x86.Build.0 = Debug|Any CPU
		{D192FBA7-5901-4EAE-8CA6-CFB7D9C5F060}.Release|Any CPU.ActiveCfg = Release|Any CPU
		{D192FBA7-5901-4EAE-8CA6-CFB7D9C5F060}.Release|Any CPU.Build.0 = Release|Any CPU
		{D192FBA7-5901-4EAE-8CA6-CFB7D9C5F060}.Release|x86.ActiveCfg = Release|Any CPU
		{D192FBA7-5901-4EAE-8CA6-CFB7D9C5F060}.Release|x86.Build.0 = Release|Any CPU
		{3A4524D2-7D17-4176-8701-8EB8AC7598ED}.Debug|Any CPU.ActiveCfg = Debug|Any CPU
		{3A4524D2-7D17-4176-8701-8EB8AC7598ED}.Debug|Any CPU.Build.0 = Debug|Any CPU
		{3A4524D2-7D17-4176-8701-8EB8AC7598ED}.Debug|x86.ActiveCfg = Debug|Any CPU
		{3A4524D2-7D17-4176-8701-8EB8AC7598ED}.Debug|x86.Build.0 = Debug|Any CPU
		{3A4524D2-7D17-4176-8701-8EB8AC7598ED}.Release|Any CPU.ActiveCfg = Release|Any CPU
		{3A4524D2-7D17-4176-8701-8EB8AC7598ED}.Release|Any CPU.Build.0 = Release|Any CPU
		{3A4524D2-7D17-4176-8701-8EB8AC7598ED}.Release|x86.ActiveCfg = Release|Any CPU
		{3A4524D2-7D17-4176-8701-8EB8AC7598ED}.Release|x86.Build.0 = Release|Any CPU
	EndGlobalSection
	GlobalSection(SolutionProperties) = preSolution
		HideSolutionNode = FALSE
	EndGlobalSection
	GlobalSection(ExtensibilityGlobals) = postSolution
		RESX_PrefixTranslations = False
		SolutionGuid = {884473A6-8904-4214-ADC0-EA722BC8D5BB}
	EndGlobalSection
	GlobalSection(Performance) = preSolution
		HasPerformanceSessions = true
	EndGlobalSection
	GlobalSection(Performance) = preSolution
		HasPerformanceSessions = true
	EndGlobalSection
	GlobalSection(TestCaseManagementSettings) = postSolution
		CategoryFile = BasicSccProvider.vsmdi
	EndGlobalSection
EndGlobal
